
Microsoft Visual Studio Solution File, Format Version 12.00
# Visual Studio Version 17
VisualStudioVersion = 17.5.002.0
MinimumVisualStudioVersion = 10.0.40219.1
Project("{9A19103F-16F7-4668-BE54-9A1E7A4F7556}") = "exercicio2", "exercicio2.csproj", "{24AD2CEE-CE66-49D6-9F12-61EBCD944AD4}"
EndProject
Global
	GlobalSection(SolutionConfigurationPlatforms) = preSolution
		Debug|Any CPU = Debug|Any CPU
		Release|Any CPU = Release|Any CPU
	EndGlobalSection
	GlobalSection(ProjectConfigurationPlatforms) = postSolution
		{24AD2CEE-CE66-49D6-9F12-61EBCD944AD4}.Debug|Any CPU.ActiveCfg = Debug|Any CPU
		{24AD2CEE-CE66-49D6-9F12-61EBCD944AD4}.Debug|Any CPU.Build.0 = Debug|Any CPU
		{24AD2CEE-CE66-49D6-9F12-61EBCD944AD4}.Release|Any CPU.ActiveCfg = Release|Any CPU
		{24AD2CEE-CE66-49D6-9F12-61EBCD944AD4}.Release|Any CPU.Build.0 = Release|Any CPU
	EndGlobalSection
	GlobalSection(SolutionProperties) = preSolution
		HideSolutionNode = FALSE
	EndGlobalSection
	GlobalSection(ExtensibilityGlobals) = postSolution
		SolutionGuid = {65CD9F09-C87F-45D2-829D-B3C19F61F47E}
	EndGlobalSection
EndGlobal
