
Microsoft Visual Studio Solution File, Format Version 12.00
# Visual Studio Version 17
VisualStudioVersion = 17.5.002.0
MinimumVisualStudioVersion = 10.0.40219.1
Project("{9A19103F-16F7-4668-BE54-9A1E7A4F7556}") = "ex02", "ex02.csproj", "{4A70AECF-1CF6-4934-8EE2-34403081DFDB}"
EndProject
Global
	GlobalSection(SolutionConfigurationPlatforms) = preSolution
		Debug|Any CPU = Debug|Any CPU
		Release|Any CPU = Release|Any CPU
	EndGlobalSection
	GlobalSection(ProjectConfigurationPlatforms) = postSolution
		{4A70AECF-1CF6-4934-8EE2-34403081DFDB}.Debug|Any CPU.ActiveCfg = Debug|Any CPU
		{4A70AECF-1CF6-4934-8EE2-34403081DFDB}.Debug|Any CPU.Build.0 = Debug|Any CPU
		{4A70AECF-1CF6-4934-8EE2-34403081DFDB}.Release|Any CPU.ActiveCfg = Release|Any CPU
		{4A70AECF-1CF6-4934-8EE2-34403081DFDB}.Release|Any CPU.Build.0 = Release|Any CPU
	EndGlobalSection
	GlobalSection(SolutionProperties) = preSolution
		HideSolutionNode = FALSE
	EndGlobalSection
	GlobalSection(ExtensibilityGlobals) = postSolution
		SolutionGuid = {E2E20D59-9182-42DF-A829-D2C128EBFC37}
	EndGlobalSection
EndGlobal
