
Microsoft Visual Studio Solution File, Format Version 12.00
# Visual Studio Version 17
VisualStudioVersion = 17.5.002.0
MinimumVisualStudioVersion = 10.0.40219.1
Project("{9A19103F-16F7-4668-BE54-9A1E7A4F7556}") = "ex_2_1", "ex_2_1.csproj", "{13AC1176-6CA6-49FC-BA5D-D9FA430ED564}"
EndProject
Global
	GlobalSection(SolutionConfigurationPlatforms) = preSolution
		Debug|Any CPU = Debug|Any CPU
		Release|Any CPU = Release|Any CPU
	EndGlobalSection
	GlobalSection(ProjectConfigurationPlatforms) = postSolution
		{13AC1176-6CA6-49FC-BA5D-D9FA430ED564}.Debug|Any CPU.ActiveCfg = Debug|Any CPU
		{13AC1176-6CA6-49FC-BA5D-D9FA430ED564}.Debug|Any CPU.Build.0 = Debug|Any CPU
		{13AC1176-6CA6-49FC-BA5D-D9FA430ED564}.Release|Any CPU.ActiveCfg = Release|Any CPU
		{13AC1176-6CA6-49FC-BA5D-D9FA430ED564}.Release|Any CPU.Build.0 = Release|Any CPU
	EndGlobalSection
	GlobalSection(SolutionProperties) = preSolution
		HideSolutionNode = FALSE
	EndGlobalSection
	GlobalSection(ExtensibilityGlobals) = postSolution
		SolutionGuid = {5D32DED8-87F8-4D13-B85D-8FB956627999}
	EndGlobalSection
EndGlobal
