
Microsoft Visual Studio Solution File, Format Version 12.00
# Visual Studio Version 17
VisualStudioVersion = 17.5.002.0
MinimumVisualStudioVersion = 10.0.40219.1
Project("{9A19103F-16F7-4668-BE54-9A1E7A4F7556}") = "ex04", "ex04.csproj", "{24F88AA1-107E-416B-BB6D-F0D35086CC95}"
EndProject
Global
	GlobalSection(SolutionConfigurationPlatforms) = preSolution
		Debug|Any CPU = Debug|Any CPU
		Release|Any CPU = Release|Any CPU
	EndGlobalSection
	GlobalSection(ProjectConfigurationPlatforms) = postSolution
		{24F88AA1-107E-416B-BB6D-F0D35086CC95}.Debug|Any CPU.ActiveCfg = Debug|Any CPU
		{24F88AA1-107E-416B-BB6D-F0D35086CC95}.Debug|Any CPU.Build.0 = Debug|Any CPU
		{24F88AA1-107E-416B-BB6D-F0D35086CC95}.Release|Any CPU.ActiveCfg = Release|Any CPU
		{24F88AA1-107E-416B-BB6D-F0D35086CC95}.Release|Any CPU.Build.0 = Release|Any CPU
	EndGlobalSection
	GlobalSection(SolutionProperties) = preSolution
		HideSolutionNode = FALSE
	EndGlobalSection
	GlobalSection(ExtensibilityGlobals) = postSolution
		SolutionGuid = {A020D3D8-5522-43A9-9E65-E15EA8E0EEE1}
	EndGlobalSection
EndGlobal
